
Microsoft Visual Studio Solution File, Format Version 12.00
# Visual Studio Version 16
VisualStudioVersion = 16.0.30717.126
MinimumVisualStudioVersion = 10.0.40219.1
Project("{8BC9CEB8-8B4A-11D0-8D11-00A0C91BC942}") = "OpenPong", "OpenPong.vcxproj", "{38AC594E-6CD7-4EF8-A8C4-9C44C97176B3}"
EndProject
Global
	GlobalSection(SolutionConfigurationPlatforms) = preSolution
		Debug|x64 = Debug|x64
		Debug|x86 = Debug|x86
		Release|x64 = Release|x64
		Release|x86 = Release|x86
	EndGlobalSection
	GlobalSection(ProjectConfigurationPlatforms) = postSolution
		{38AC594E-6CD7-4EF8-A8C4-9C44C97176B3}.Debug|x64.ActiveCfg = Debug|x64
		{38AC594E-6CD7-4EF8-A8C4-9C44C97176B3}.Debug|x64.Build.0 = Debug|x64
		{38AC594E-6CD7-4EF8-A8C4-9C44C97176B3}.Debug|x86.ActiveCfg = Debug|Win32
		{38AC594E-6CD7-4EF8-A8C4-9C44C97176B3}.Debug|x86.Build.0 = Debug|Win32
		{38AC594E-6CD7-4EF8-A8C4-9C44C97176B3}.Release|x64.ActiveCfg = Release|x64
		{38AC594E-6CD7-4EF8-A8C4-9C44C97176B3}.Release|x64.Build.0 = Release|x64
		{38AC594E-6CD7-4EF8-A8C4-9C44C97176B3}.Release|x86.ActiveCfg = Release|Win32
		{38AC594E-6CD7-4EF8-A8C4-9C44C97176B3}.Release|x86.Build.0 = Release|Win32
	EndGlobalSection
	GlobalSection(SolutionProperties) = preSolution
		HideSolutionNode = FALSE
	EndGlobalSection
	GlobalSection(ExtensibilityGlobals) = postSolution
		SolutionGuid = {FE614D60-3DD2-43B6-BE06-251B40F260F2}
	EndGlobalSection
EndGlobal
